// !$*UTF8*$!
{
	archiveVersion = 1;
	classes = {
	};
	objectVersion = 48;
	objects = {

/* Begin PBXBuildFile section */
		1F93E3AD1F83481E0047528F /* AppDelegate.swift in Sources */ = {isa = PBXBuildFile; fileRef = 1F93E3AC1F83481E0047528F /* AppDelegate.swift */; };
		1F93E3AF1F83481E0047528F /* ViewController.swift in Sources */ = {isa = PBXBuildFile; fileRef = 1F93E3AE1F83481E0047528F /* ViewController.swift */; };
		1F93E3B21F83481E0047528F /* Main.storyboard in Resources */ = {isa = PBXBuildFile; fileRef = 1F93E3B01F83481E0047528F /* Main.storyboard */; };
		1F93E3B41F83481E0047528F /* Assets.xcassets in Resources */ = {isa = PBXBuildFile; fileRef = 1F93E3B31F83481E0047528F /* Assets.xcassets */; };
		1F93E3B71F83481E0047528F /* LaunchScreen.storyboard in Resources */ = {isa = PBXBuildFile; fileRef = 1F93E3B51F83481E0047528F /* LaunchScreen.storyboard */; };
		1F93E3C21F83481E0047528F /* MyItemsTests.swift in Sources */ = {isa = PBXBuildFile; fileRef = 1F93E3C11F83481E0047528F /* MyItemsTests.swift */; };
		1F93E3CD1F83481F0047528F /* MyItemsUITests.swift in Sources */ = {isa = PBXBuildFile; fileRef = 1F93E3CC1F83481F0047528F /* MyItemsUITests.swift */; };
		1F93E3DB1F8348360047528F /* Item.swift in Sources */ = {isa = PBXBuildFile; fileRef = 1F93E3DA1F8348360047528F /* Item.swift */; };
		1F93E3DC1F8348360047528F /* Item.swift in Sources */ = {isa = PBXBuildFile; fileRef = 1F93E3DA1F8348360047528F /* Item.swift */; };
		1F93E3DD1F8348360047528F /* Item.swift in Sources */ = {isa = PBXBuildFile; fileRef = 1F93E3DA1F8348360047528F /* Item.swift */; };
/* End PBXBuildFile section */

/* Begin PBXContainerItemProxy section */
		1F93E3BE1F83481E0047528F /* PBXContainerItemProxy */ = {
			isa = PBXContainerItemProxy;
			containerPortal = 1F93E3A11F83481E0047528F /* Project object */;
			proxyType = 1;
			remoteGlobalIDString = 1F93E3A81F83481E0047528F;
			remoteInfo = MyItems;
		};
		1F93E3C91F83481F0047528F /* PBXContainerItemProxy */ = {
			isa = PBXContainerItemProxy;
			containerPortal = 1F93E3A11F83481E0047528F /* Project object */;
			proxyType = 1;
			remoteGlobalIDString = 1F93E3A81F83481E0047528F;
			remoteInfo = MyItems;
		};
/* End PBXContainerItemProxy section */

/* Begin PBXFileReference section */
		1F93E3A91F83481E0047528F /* MyItems.app */ = {isa = PBXFileReference; explicitFileType = wrapper.application; includeInIndex = 0; path = MyItems.app; sourceTree = BUILT_PRODUCTS_DIR; };
		1F93E3AC1F83481E0047528F /* AppDelegate.swift */ = {isa = PBXFileReference; lastKnownFileType = sourcecode.swift; path = AppDelegate.swift; sourceTree = "<group>"; };
		1F93E3AE1F83481E0047528F /* ViewController.swift */ = {isa = PBXFileReference; lastKnownFileType = sourcecode.swift; path = ViewController.swift; sourceTree = "<group>"; };
		1F93E3B11F83481E0047528F /* Base */ = {isa = PBXFileReference; lastKnownFileType = file.storyboard; name = Base; path = Base.lproj/Main.storyboard; sourceTree = "<group>"; };
		1F93E3B31F83481E0047528F /* Assets.xcassets */ = {isa = PBXFileReference; lastKnownFileType = folder.assetcatalog; path = Assets.xcassets; sourceTree = "<group>"; };
		1F93E3B61F83481E0047528F /* Base */ = {isa = PBXFileReference; lastKnownFileType = file.storyboard; name = Base; path = Base.lproj/LaunchScreen.storyboard; sourceTree = "<group>"; };
		1F93E3B81F83481E0047528F /* Info.plist */ = {isa = PBXFileReference; lastKnownFileType = text.plist.xml; path = Info.plist; sourceTree = "<group>"; };
		1F93E3BD1F83481E0047528F /* MyItemsTests.xctest */ = {isa = PBXFileReference; explicitFileType = wrapper.cfbundle; includeInIndex = 0; path = MyItemsTests.xctest; sourceTree = BUILT_PRODUCTS_DIR; };
		1F93E3C11F83481E0047528F /* MyItemsTests.swift */ = {isa = PBXFileReference; lastKnownFileType = sourcecode.swift; path = MyItemsTests.swift; sourceTree = "<group>"; };
		1F93E3C31F83481E0047528F /* Info.plist */ = {isa = PBXFileReference; lastKnownFileType = text.plist.xml; path = Info.plist; sourceTree = "<group>"; };
		1F93E3C81F83481F0047528F /* MyItemsUITests.xctest */ = {isa = PBXFileReference; explicitFileType = wrapper.cfbundle; includeInIndex = 0; path = MyItemsUITests.xctest; sourceTree = BUILT_PRODUCTS_DIR; };
		1F93E3CC1F83481F0047528F /* MyItemsUITests.swift */ = {isa = PBXFileReference; lastKnownFileType = sourcecode.swift; path = MyItemsUITests.swift; sourceTree = "<group>"; };
		1F93E3CE1F83481F0047528F /* Info.plist */ = {isa = PBXFileReference; lastKnownFileType = text.plist.xml; path = Info.plist; sourceTree = "<group>"; };
		1F93E3DA1F8348360047528F /* Item.swift */ = {isa = PBXFileReference; lastKnownFileType = sourcecode.swift; path = Item.swift; sourceTree = "<group>"; };
/* End PBXFileReference section */

/* Begin PBXFrameworksBuildPhase section */
		1F93E3A61F83481E0047528F /* Frameworks */ = {
			isa = PBXFrameworksBuildPhase;
			buildActionMask = 2147483647;
			files = (
			);
			runOnlyForDeploymentPostprocessing = 0;
		};
		1F93E3BA1F83481E0047528F /* Frameworks */ = {
			isa = PBXFrameworksBuildPhase;
			buildActionMask = 2147483647;
			files = (
			);
			runOnlyForDeploymentPostprocessing = 0;
		};
		1F93E3C51F83481F0047528F /* Frameworks */ = {
			isa = PBXFrameworksBuildPhase;
			buildActionMask = 2147483647;
			files = (
			);
			runOnlyForDeploymentPostprocessing = 0;
		};
/* End PBXFrameworksBuildPhase section */

/* Begin PBXGroup section */
		1F93E3A01F83481E0047528F = {
			isa = PBXGroup;
			children = (
				1F93E3AB1F83481E0047528F /* MyItems */,
				1F93E3C01F83481E0047528F /* MyItemsTests */,
				1F93E3CB1F83481F0047528F /* MyItemsUITests */,
				1F93E3AA1F83481E0047528F /* Products */,
			);
			sourceTree = "<group>";
		};
		1F93E3AA1F83481E0047528F /* Products */ = {
			isa = PBXGroup;
			children = (
				1F93E3A91F83481E0047528F /* MyItems.app */,
				1F93E3BD1F83481E0047528F /* MyItemsTests.xctest */,
				1F93E3C81F83481F0047528F /* MyItemsUITests.xctest */,
			);
			name = Products;
			sourceTree = "<group>";
		};
		1F93E3AB1F83481E0047528F /* MyItems */ = {
			isa = PBXGroup;
			children = (
				1F93E3AC1F83481E0047528F /* AppDelegate.swift */,
				1F93E3AE1F83481E0047528F /* ViewController.swift */,
				1F93E3B01F83481E0047528F /* Main.storyboard */,
				1F93E3B31F83481E0047528F /* Assets.xcassets */,
				1F93E3B51F83481E0047528F /* LaunchScreen.storyboard */,
				1F93E3B81F83481E0047528F /* Info.plist */,
				1F93E3DA1F8348360047528F /* Item.swift */,
			);
			path = MyItems;
			sourceTree = "<group>";
		};
		1F93E3C01F83481E0047528F /* MyItemsTests */ = {
			isa = PBXGroup;
			children = (
				1F93E3C11F83481E0047528F /* MyItemsTests.swift */,
				1F93E3C31F83481E0047528F /* Info.plist */,
			);
			path = MyItemsTests;
			sourceTree = "<group>";
		};
		1F93E3CB1F83481F0047528F /* MyItemsUITests */ = {
			isa = PBXGroup;
			children = (
				1F93E3CC1F83481F0047528F /* MyItemsUITests.swift */,
				1F93E3CE1F83481F0047528F /* Info.plist */,
			);
			path = MyItemsUITests;
			sourceTree = "<group>";
		};
/* End PBXGroup section */

/* Begin PBXNativeTarget section */
		1F93E3A81F83481E0047528F /* MyItems */ = {
			isa = PBXNativeTarget;
			buildConfigurationList = 1F93E3D11F83481F0047528F /* Build configuration list for PBXNativeTarget "MyItems" */;
			buildPhases = (
				1F93E3A51F83481E0047528F /* Sources */,
				1F93E3A61F83481E0047528F /* Frameworks */,
				1F93E3A71F83481E0047528F /* Resources */,
			);
			buildRules = (
			);
			dependencies = (
			);
			name = MyItems;
			productName = MyItems;
			productReference = 1F93E3A91F83481E0047528F /* MyItems.app */;
			productType = "com.apple.product-type.application";
		};
		1F93E3BC1F83481E0047528F /* MyItemsTests */ = {
			isa = PBXNativeTarget;
			buildConfigurationList = 1F93E3D41F83481F0047528F /* Build configuration list for PBXNativeTarget "MyItemsTests" */;
			buildPhases = (
				1F93E3B91F83481E0047528F /* Sources */,
				1F93E3BA1F83481E0047528F /* Frameworks */,
				1F93E3BB1F83481E0047528F /* Resources */,
			);
			buildRules = (
			);
			dependencies = (
				1F93E3BF1F83481E0047528F /* PBXTargetDependency */,
			);
			name = MyItemsTests;
			productName = MyItemsTests;
			productReference = 1F93E3BD1F83481E0047528F /* MyItemsTests.xctest */;
			productType = "com.apple.product-type.bundle.unit-test";
		};
		1F93E3C71F83481F0047528F /* MyItemsUITests */ = {
			isa = PBXNativeTarget;
			buildConfigurationList = 1F93E3D71F83481F0047528F /* Build configuration list for PBXNativeTarget "MyItemsUITests" */;
			buildPhases = (
				1F93E3C41F83481F0047528F /* Sources */,
				1F93E3C51F83481F0047528F /* Frameworks */,
				1F93E3C61F83481F0047528F /* Resources */,
			);
			buildRules = (
			);
			dependencies = (
				1F93E3CA1F83481F0047528F /* PBXTargetDependency */,
			);
			name = MyItemsUITests;
			productName = MyItemsUITests;
			productReference = 1F93E3C81F83481F0047528F /* MyItemsUITests.xctest */;
			productType = "com.apple.product-type.bundle.ui-testing";
		};
/* End PBXNativeTarget section */

/* Begin PBXProject section */
		1F93E3A11F83481E0047528F /* Project object */ = {
			isa = PBXProject;
			attributes = {
				LastSwiftUpdateCheck = 0900;
				LastUpgradeCheck = 0900;
				ORGANIZATIONNAME = ykws;
				TargetAttributes = {
					1F93E3A81F83481E0047528F = {
						CreatedOnToolsVersion = 9.0;
						ProvisioningStyle = Automatic;
					};
					1F93E3BC1F83481E0047528F = {
						CreatedOnToolsVersion = 9.0;
						ProvisioningStyle = Automatic;
						TestTargetID = 1F93E3A81F83481E0047528F;
					};
					1F93E3C71F83481F0047528F = {
						CreatedOnToolsVersion = 9.0;
						ProvisioningStyle = Automatic;
						TestTargetID = 1F93E3A81F83481E0047528F;
					};
				};
			};
			buildConfigurationList = 1F93E3A41F83481E0047528F /* Build configuration list for PBXProject "MyItems" */;
			compatibilityVersion = "Xcode 8.0";
			developmentRegion = en;
			hasScannedForEncodings = 0;
			knownRegions = (
				en,
				Base,
			);
			mainGroup = 1F93E3A01F83481E0047528F;
			productRefGroup = 1F93E3AA1F83481E0047528F /* Products */;
			projectDirPath = "";
			projectRoot = "";
			targets = (
				1F93E3A81F83481E0047528F /* MyItems */,
				1F93E3BC1F83481E0047528F /* MyItemsTests */,
				1F93E3C71F83481F0047528F /* MyItemsUITests */,
			);
		};
/* End PBXProject section */

/* Begin PBXResourcesBuildPhase section */
		1F93E3A71F83481E0047528F /* Resources */ = {
			isa = PBXResourcesBuildPhase;
			buildActionMask = 2147483647;
			files = (
				1F93E3B71F83481E0047528F /* LaunchScreen.storyboard in Resources */,
				1F93E3B41F83481E0047528F /* Assets.xcassets in Resources */,
				1F93E3B21F83481E0047528F /* Main.storyboard in Resources */,
			);
			runOnlyForDeploymentPostprocessing = 0;
		};
		1F93E3BB1F83481E0047528F /* Resources */ = {
			isa = PBXResourcesBuildPhase;
			buildActionMask = 2147483647;
			files = (
			);
			runOnlyForDeploymentPostprocessing = 0;
		};
		1F93E3C61F83481F0047528F /* Resources */ = {
			isa = PBXResourcesBuildPhase;
			buildActionMask = 2147483647;
			files = (
			);
			runOnlyForDeploymentPostprocessing = 0;
		};
/* End PBXResourcesBuildPhase section */

/* Begin PBXSourcesBuildPhase section */
		1F93E3A51F83481E0047528F /* Sources */ = {
			isa = PBXSourcesBuildPhase;
			buildActionMask = 2147483647;
			files = (
				1F93E3AF1F83481E0047528F /* ViewController.swift in Sources */,
				1F93E3DB1F8348360047528F /* Item.swift in Sources */,
				1F93E3AD1F83481E0047528F /* AppDelegate.swift in Sources */,
			);
			runOnlyForDeploymentPostprocessing = 0;
		};
		1F93E3B91F83481E0047528F /* Sources */ = {
			isa = PBXSourcesBuildPhase;
			buildActionMask = 2147483647;
			files = (
				1F93E3DC1F8348360047528F /* Item.swift in Sources */,
				1F93E3C21F83481E0047528F /* MyItemsTests.swift in Sources */,
			);
			runOnlyForDeploymentPostprocessing = 0;
		};
		1F93E3C41F83481F0047528F /* Sources */ = {
			isa = PBXSourcesBuildPhase;
			buildActionMask = 2147483647;
			files = (
				1F93E3DD1F8348360047528F /* Item.swift in Sources */,
				1F93E3CD1F83481F0047528F /* MyItemsUITests.swift in Sources */,
			);
			runOnlyForDeploymentPostprocessing = 0;
		};
/* End PBXSourcesBuildPhase section */

/* Begin PBXTargetDependency section */
		1F93E3BF1F83481E0047528F /* PBXTargetDependency */ = {
			isa = PBXTargetDependency;
			target = 1F93E3A81F83481E0047528F /* MyItems */;
			targetProxy = 1F93E3BE1F83481E0047528F /* PBXContainerItemProxy */;
		};
		1F93E3CA1F83481F0047528F /* PBXTargetDependency */ = {
			isa = PBXTargetDependency;
			target = 1F93E3A81F83481E0047528F /* MyItems */;
			targetProxy = 1F93E3C91F83481F0047528F /* PBXContainerItemProxy */;
		};
/* End PBXTargetDependency section */

/* Begin PBXVariantGroup section */
		1F93E3B01F83481E0047528F /* Main.storyboard */ = {
			isa = PBXVariantGroup;
			children = (
				1F93E3B11F83481E0047528F /* Base */,
			);
			name = Main.storyboard;
			sourceTree = "<group>";
		};
		1F93E3B51F83481E0047528F /* LaunchScreen.storyboard */ = {
			isa = PBXVariantGroup;
			children = (
				1F93E3B61F83481E0047528F /* Base */,
			);
			name = LaunchScreen.storyboard;
			sourceTree = "<group>";
		};
/* End PBXVariantGroup section */

/* Begin XCBuildConfiguration section */
		1F93E3CF1F83481F0047528F /* Debug */ = {
			isa = XCBuildConfiguration;
			buildSettings = {
				ALWAYS_SEARCH_USER_PATHS = NO;
				CLANG_ANALYZER_NONNULL = YES;
				CLANG_ANALYZER_NUMBER_OBJECT_CONVERSION = YES_AGGRESSIVE;
				CLANG_CXX_LANGUAGE_STANDARD = "gnu++14";
				CLANG_CXX_LIBRARY = "libc++";
				CLANG_ENABLE_MODULES = YES;
				CLANG_ENABLE_OBJC_ARC = YES;
				CLANG_WARN_BLOCK_CAPTURE_AUTORELEASING = YES;
				CLANG_WARN_BOOL_CONVERSION = YES;
				CLANG_WARN_COMMA = YES;
				CLANG_WARN_CONSTANT_CONVERSION = YES;
				CLANG_WARN_DIRECT_OBJC_ISA_USAGE = YES_ERROR;
				CLANG_WARN_DOCUMENTATION_COMMENTS = YES;
				CLANG_WARN_EMPTY_BODY = YES;
				CLANG_WARN_ENUM_CONVERSION = YES;
				CLANG_WARN_INFINITE_RECURSION = YES;
				CLANG_WARN_INT_CONVERSION = YES;
				CLANG_WARN_NON_LITERAL_NULL_CONVERSION = YES;
				CLANG_WARN_OBJC_LITERAL_CONVERSION = YES;
				CLANG_WARN_OBJC_ROOT_CLASS = YES_ERROR;
				CLANG_WARN_RANGE_LOOP_ANALYSIS = YES;
				CLANG_WARN_STRICT_PROTOTYPES = YES;
				CLANG_WARN_SUSPICIOUS_MOVE = YES;
				CLANG_WARN_UNGUARDED_AVAILABILITY = YES_AGGRESSIVE;
				CLANG_WARN_UNREACHABLE_CODE = YES;
				CLANG_WARN__DUPLICATE_METHOD_MATCH = YES;
				CODE_SIGN_IDENTITY = "iPhone Developer";
				COPY_PHASE_STRIP = NO;
				DEBUG_INFORMATION_FORMAT = dwarf;
				ENABLE_STRICT_OBJC_MSGSEND = YES;
				ENABLE_TESTABILITY = YES;
				GCC_C_LANGUAGE_STANDARD = gnu11;
				GCC_DYNAMIC_NO_PIC = NO;
				GCC_NO_COMMON_BLOCKS = YES;
				GCC_OPTIMIZATION_LEVEL = 0;
				GCC_PREPROCESSOR_DEFINITIONS = (
					"DEBUG=1",
					"$(inherited)",
				);
				GCC_WARN_64_TO_32_BIT_CONVERSION = YES;
				GCC_WARN_ABOUT_RETURN_TYPE = YES_ERROR;
				GCC_WARN_UNDECLARED_SELECTOR = YES;
				GCC_WARN_UNINITIALIZED_AUTOS = YES_AGGRESSIVE;
				GCC_WARN_UNUSED_FUNCTION = YES;
				GCC_WARN_UNUSED_VARIABLE = YES;
				IPHONEOS_DEPLOYMENT_TARGET = 11.0;
				MTL_ENABLE_DEBUG_INFO = YES;
				ONLY_ACTIVE_ARCH = YES;
				SDKROOT = iphoneos;
				SWIFT_ACTIVE_COMPILATION_CONDITIONS = DEBUG;
				SWIFT_OPTIMIZATION_LEVEL = "-Onone";
			};
			name = Debug;
		};
		1F93E3D01F83481F0047528F /* Release */ = {
			isa = XCBuildConfiguration;
			buildSettings = {
				ALWAYS_SEARCH_USER_PATHS = NO;
				CLANG_ANALYZER_NONNULL = YES;
				CLANG_ANALYZER_NUMBER_OBJECT_CONVERSION = YES_AGGRESSIVE;
				CLANG_CXX_LANGUAGE_STANDARD = "gnu++14";
				CLANG_CXX_LIBRARY = "libc++";
				CLANG_ENABLE_MODULES = YES;
				CLANG_ENABLE_OBJC_ARC = YES;
				CLANG_WARN_BLOCK_CAPTURE_AUTORELEASING = YES;
				CLANG_WARN_BOOL_CONVERSION = YES;
				CLANG_WARN_COMMA = YES;
				CLANG_WARN_CONSTANT_CONVERSION = YES;
				CLANG_WARN_DIRECT_OBJC_ISA_USAGE = YES_ERROR;
				CLANG_WARN_DOCUMENTATION_COMMENTS = YES;
				CLANG_WARN_EMPTY_BODY = YES;
				CLANG_WARN_ENUM_CONVERSION = YES;
				CLANG_WARN_INFINITE_RECURSION = YES;
				CLANG_WARN_INT_CONVERSION = YES;
				CLANG_WARN_NON_LITERAL_NULL_CONVERSION = YES;
				CLANG_WARN_OBJC_LITERAL_CONVERSION = YES;
				CLANG_WARN_OBJC_ROOT_CLASS = YES_ERROR;
				CLANG_WARN_RANGE_LOOP_ANALYSIS = YES;
				CLANG_WARN_STRICT_PROTOTYPES = YES;
				CLANG_WARN_SUSPICIOUS_MOVE = YES;
				CLANG_WARN_UNGUARDED_AVAILABILITY = YES_AGGRESSIVE;
				CLANG_WARN_UNREACHABLE_CODE = YES;
				CLANG_WARN__DUPLICATE_METHOD_MATCH = YES;
				CODE_SIGN_IDENTITY = "iPhone Developer";
				COPY_PHASE_STRIP = NO;
				DEBUG_INFORMATION_FORMAT = "dwarf-with-dsym";
				ENABLE_NS_ASSERTIONS = NO;
				ENABLE_STRICT_OBJC_MSGSEND = YES;
				GCC_C_LANGUAGE_STANDARD = gnu11;
				GCC_NO_COMMON_BLOCKS = YES;
				GCC_WARN_64_TO_32_BIT_CONVERSION = YES;
				GCC_WARN_ABOUT_RETURN_TYPE = YES_ERROR;
				GCC_WARN_UNDECLARED_SELECTOR = YES;
				GCC_WARN_UNINITIALIZED_AUTOS = YES_AGGRESSIVE;
				GCC_WARN_UNUSED_FUNCTION = YES;
				GCC_WARN_UNUSED_VARIABLE = YES;
				IPHONEOS_DEPLOYMENT_TARGET = 11.0;
				MTL_ENABLE_DEBUG_INFO = NO;
				SDKROOT = iphoneos;
				SWIFT_OPTIMIZATION_LEVEL = "-Owholemodule";
				VALIDATE_PRODUCT = YES;
			};
			name = Release;
		};
		1F93E3D21F83481F0047528F /* Debug */ = {
			isa = XCBuildConfiguration;
			buildSettings = {
				ASSETCATALOG_COMPILER_APPICON_NAME = AppIcon;
				CODE_SIGN_STYLE = Automatic;
				DEVELOPMENT_TEAM = NYT8BVWJBJ;
				INFOPLIST_FILE = MyItems/Info.plist;
				IPHONEOS_DEPLOYMENT_TARGET = 10.3;
				LD_RUNPATH_SEARCH_PATHS = "$(inherited) @executable_path/Frameworks";
				PRODUCT_BUNDLE_IDENTIFIER = io.github.ykws.MyItems;
				PRODUCT_NAME = "$(TARGET_NAME)";
				SWIFT_VERSION = 4.0;
				TARGETED_DEVICE_FAMILY = "1,2";
			};
			name = Debug;
		};
		1F93E3D31F83481F0047528F /* Release */ = {
			isa = XCBuildConfiguration;
			buildSettings = {
				ASSETCATALOG_COMPILER_APPICON_NAME = AppIcon;
				CODE_SIGN_STYLE = Automatic;
				DEVELOPMENT_TEAM = NYT8BVWJBJ;
				INFOPLIST_FILE = MyItems/Info.plist;
				IPHONEOS_DEPLOYMENT_TARGET = 10.3;
				LD_RUNPATH_SEARCH_PATHS = "$(inherited) @executable_path/Frameworks";
				PRODUCT_BUNDLE_IDENTIFIER = io.github.ykws.MyItems;
				PRODUCT_NAME = "$(TARGET_NAME)";
				SWIFT_VERSION = 4.0;
				TARGETED_DEVICE_FAMILY = "1,2";
			};
			name = Release;
		};
		1F93E3D51F83481F0047528F /* Debug */ = {
			isa = XCBuildConfiguration;
			buildSettings = {
				ALWAYS_EMBED_SWIFT_STANDARD_LIBRARIES = YES;
				BUNDLE_LOADER = "$(TEST_HOST)";
				CODE_SIGN_STYLE = Automatic;
				DEVELOPMENT_TEAM = NYT8BVWJBJ;
				INFOPLIST_FILE = MyItemsTests/Info.plist;
				LD_RUNPATH_SEARCH_PATHS = "$(inherited) @executable_path/Frameworks @loader_path/Frameworks";
				PRODUCT_BUNDLE_IDENTIFIER = io.github.ykws.MyItemsTests;
				PRODUCT_NAME = "$(TARGET_NAME)";
				SWIFT_VERSION = 4.0;
				TARGETED_DEVICE_FAMILY = "1,2";
				TEST_HOST = "$(BUILT_PRODUCTS_DIR)/MyItems.app/MyItems";
			};
			name = Debug;
		};
		1F93E3D61F83481F0047528F /* Release */ = {
			isa = XCBuildConfiguration;
			buildSettings = {
				ALWAYS_EMBED_SWIFT_STANDARD_LIBRARIES = YES;
				BUNDLE_LOADER = "$(TEST_HOST)";
				CODE_SIGN_STYLE = Automatic;
				DEVELOPMENT_TEAM = NYT8BVWJBJ;
				INFOPLIST_FILE = MyItemsTests/Info.plist;
				LD_RUNPATH_SEARCH_PATHS = "$(inherited) @executable_path/Frameworks @loader_path/Frameworks";
				PRODUCT_BUNDLE_IDENTIFIER = io.github.ykws.MyItemsTests;
				PRODUCT_NAME = "$(TARGET_NAME)";
				SWIFT_VERSION = 4.0;
				TARGETED_DEVICE_FAMILY = "1,2";
				TEST_HOST = "$(BUILT_PRODUCTS_DIR)/MyItems.app/MyItems";
			};
			name = Release;
		};
		1F93E3D81F83481F0047528F /* Debug */ = {
			isa = XCBuildConfiguration;
			buildSettings = {
				ALWAYS_EMBED_SWIFT_STANDARD_LIBRARIES = YES;
				CODE_SIGN_STYLE = Automatic;
				DEVELOPMENT_TEAM = NYT8BVWJBJ;
				INFOPLIST_FILE = MyItemsUITests/Info.plist;
				LD_RUNPATH_SEARCH_PATHS = "$(inherited) @executable_path/Frameworks @loader_path/Frameworks";
				PRODUCT_BUNDLE_IDENTIFIER = io.github.ykws.MyItemsUITests;
				PRODUCT_NAME = "$(TARGET_NAME)";
				SWIFT_VERSION = 4.0;
				TARGETED_DEVICE_FAMILY = "1,2";
				TEST_TARGET_NAME = MyItems;
			};
			name = Debug;
		};
		1F93E3D91F83481F0047528F /* Release */ = {
			isa = XCBuildConfiguration;
			buildSettings = {
				ALWAYS_EMBED_SWIFT_STANDARD_LIBRARIES = YES;
				CODE_SIGN_STYLE = Automatic;
				DEVELOPMENT_TEAM = NYT8BVWJBJ;
				INFOPLIST_FILE = MyItemsUITests/Info.plist;
				LD_RUNPATH_SEARCH_PATHS = "$(inherited) @executable_path/Frameworks @loader_path/Frameworks";
				PRODUCT_BUNDLE_IDENTIFIER = io.github.ykws.MyItemsUITests;
				PRODUCT_NAME = "$(TARGET_NAME)";
				SWIFT_VERSION = 4.0;
				TARGETED_DEVICE_FAMILY = "1,2";
				TEST_TARGET_NAME = MyItems;
			};
			name = Release;
		};
/* End XCBuildConfiguration section */

/* Begin XCConfigurationList section */
		1F93E3A41F83481E0047528F /* Build configuration list for PBXProject "MyItems" */ = {
			isa = XCConfigurationList;
			buildConfigurations = (
				1F93E3CF1F83481F0047528F /* Debug */,
				1F93E3D01F83481F0047528F /* Release */,
			);
			defaultConfigurationIsVisible = 0;
			defaultConfigurationName = Release;
		};
		1F93E3D11F83481F0047528F /* Build configuration list for PBXNativeTarget "MyItems" */ = {
			isa = XCConfigurationList;
			buildConfigurations = (
				1F93E3D21F83481F0047528F /* Debug */,
				1F93E3D31F83481F0047528F /* Release */,
			);
			defaultConfigurationIsVisible = 0;
			defaultConfigurationName = Release;
		};
		1F93E3D41F83481F0047528F /* Build configuration list for PBXNativeTarget "MyItemsTests" */ = {
			isa = XCConfigurationList;
			buildConfigurations = (
				1F93E3D51F83481F0047528F /* Debug */,
				1F93E3D61F83481F0047528F /* Release */,
			);
			defaultConfigurationIsVisible = 0;
			defaultConfigurationName = Release;
		};
		1F93E3D71F83481F0047528F /* Build configuration list for PBXNativeTarget "MyItemsUITests" */ = {
			isa = XCConfigurationList;
			buildConfigurations = (
				1F93E3D81F83481F0047528F /* Debug */,
				1F93E3D91F83481F0047528F /* Release */,
			);
			defaultConfigurationIsVisible = 0;
			defaultConfigurationName = Release;
		};
/* End XCConfigurationList section */
	};
	rootObject = 1F93E3A11F83481E0047528F /* Project object */;
}
